// !$*UTF8*$!
{
	archiveVersion = 1;
	classes = {
	};
	objectVersion = 50;
	objects = {

/* Begin PBXBuildFile section */
		10239FCE22E0550F00B1C1B3 /* NetworkService.swift in Sources */ = {isa = PBXBuildFile; fileRef = 10239FCD22E0550F00B1C1B3 /* NetworkService.swift */; };
		10239FD022E057BB00B1C1B3 /* API.swift in Sources */ = {isa = PBXBuildFile; fileRef = 10239FCF22E057BB00B1C1B3 /* API.swift */; };
		10239FD322E0682700B1C1B3 /* FeedResponse.swift in Sources */ = {isa = PBXBuildFile; fileRef = 10239FD222E0682700B1C1B3 /* FeedResponse.swift */; };
		10239FD522E06B0D00B1C1B3 /* NetworkDataFetcher.swift in Sources */ = {isa = PBXBuildFile; fileRef = 10239FD422E06B0D00B1C1B3 /* NetworkDataFetcher.swift */; };
		10239FDE22E07A1200B1C1B3 /* NewsfeedPresenter.swift in Sources */ = {isa = PBXBuildFile; fileRef = 10239FD722E07A1200B1C1B3 /* NewsfeedPresenter.swift */; };
		10239FDF22E07A1200B1C1B3 /* NewsfeedWorker.swift in Sources */ = {isa = PBXBuildFile; fileRef = 10239FD822E07A1200B1C1B3 /* NewsfeedWorker.swift */; };
		10239FE022E07A1200B1C1B3 /* NewsfeedRouter.swift in Sources */ = {isa = PBXBuildFile; fileRef = 10239FD922E07A1200B1C1B3 /* NewsfeedRouter.swift */; };
		10239FE122E07A1200B1C1B3 /* NewsfeedModels.swift in Sources */ = {isa = PBXBuildFile; fileRef = 10239FDA22E07A1200B1C1B3 /* NewsfeedModels.swift */; };
		10239FE222E07A1200B1C1B3 /* NewsfeedViewController.swift in Sources */ = {isa = PBXBuildFile; fileRef = 10239FDB22E07A1200B1C1B3 /* NewsfeedViewController.swift */; };
		10239FE322E07A1200B1C1B3 /* NewsfeedInteractor.swift in Sources */ = {isa = PBXBuildFile; fileRef = 10239FDC22E07A1200B1C1B3 /* NewsfeedInteractor.swift */; };
		10239FE622E1BE0300B1C1B3 /* NewsfeedViewController.storyboard in Resources */ = {isa = PBXBuildFile; fileRef = 10239FE522E1BE0300B1C1B3 /* NewsfeedViewController.storyboard */; };
		10239FE922E1C4A400B1C1B3 /* NewsFeedCell.swift in Sources */ = {isa = PBXBuildFile; fileRef = 10239FE822E1C4A400B1C1B3 /* NewsFeedCell.swift */; };
		10239FEB22E1C4DB00B1C1B3 /* NewsFeedCell.xib in Resources */ = {isa = PBXBuildFile; fileRef = 10239FEA22E1C4DB00B1C1B3 /* NewsFeedCell.xib */; };
		10239FED22E1EA8F00B1C1B3 /* WebImageView.swift in Sources */ = {isa = PBXBuildFile; fileRef = 10239FEC22E1EA8F00B1C1B3 /* WebImageView.swift */; };
		10AE51DA22DF3D0C002E8648 /* AppDelegate.swift in Sources */ = {isa = PBXBuildFile; fileRef = 10AE51D922DF3D0C002E8648 /* AppDelegate.swift */; };
		10AE51E122DF3D0E002E8648 /* Assets.xcassets in Resources */ = {isa = PBXBuildFile; fileRef = 10AE51E022DF3D0E002E8648 /* Assets.xcassets */; };
		10AE51E422DF3D0E002E8648 /* LaunchScreen.storyboard in Resources */ = {isa = PBXBuildFile; fileRef = 10AE51E222DF3D0E002E8648 /* LaunchScreen.storyboard */; };
		10AE51ED22DF4207002E8648 /* VKSdkFramework.framework in Frameworks */ = {isa = PBXBuildFile; fileRef = 10AE51EC22DF4207002E8648 /* VKSdkFramework.framework */; };
		10AE51F022DF44FE002E8648 /* AuthService.swift in Sources */ = {isa = PBXBuildFile; fileRef = 10AE51EF22DF44FE002E8648 /* AuthService.swift */; };
		10AE51F522DF4848002E8648 /* AuthViewController.swift in Sources */ = {isa = PBXBuildFile; fileRef = 10AE51F422DF4848002E8648 /* AuthViewController.swift */; };
		10AE51F722DF485F002E8648 /* AuthViewController.storyboard in Resources */ = {isa = PBXBuildFile; fileRef = 10AE51F622DF485F002E8648 /* AuthViewController.storyboard */; };
		10AE51FF22DF5430002E8648 /* UIViewController+Storyboard.swift in Sources */ = {isa = PBXBuildFile; fileRef = 10AE51FE22DF5430002E8648 /* UIViewController+Storyboard.swift */; };
/* End PBXBuildFile section */

/* Begin PBXFileReference section */
		10239FCD22E0550F00B1C1B3 /* NetworkService.swift */ = {isa = PBXFileReference; lastKnownFileType = sourcecode.swift; path = NetworkService.swift; sourceTree = "<group>"; };
		10239FCF22E057BB00B1C1B3 /* API.swift */ = {isa = PBXFileReference; lastKnownFileType = sourcecode.swift; path = API.swift; sourceTree = "<group>"; };
		10239FD222E0682700B1C1B3 /* FeedResponse.swift */ = {isa = PBXFileReference; lastKnownFileType = sourcecode.swift; path = FeedResponse.swift; sourceTree = "<group>"; };
		10239FD422E06B0D00B1C1B3 /* NetworkDataFetcher.swift */ = {isa = PBXFileReference; lastKnownFileType = sourcecode.swift; path = NetworkDataFetcher.swift; sourceTree = "<group>"; };
		10239FD722E07A1200B1C1B3 /* NewsfeedPresenter.swift */ = {isa = PBXFileReference; lastKnownFileType = sourcecode.swift; path = NewsfeedPresenter.swift; sourceTree = "<group>"; };
		10239FD822E07A1200B1C1B3 /* NewsfeedWorker.swift */ = {isa = PBXFileReference; lastKnownFileType = sourcecode.swift; path = NewsfeedWorker.swift; sourceTree = "<group>"; };
		10239FD922E07A1200B1C1B3 /* NewsfeedRouter.swift */ = {isa = PBXFileReference; lastKnownFileType = sourcecode.swift; path = NewsfeedRouter.swift; sourceTree = "<group>"; };
		10239FDA22E07A1200B1C1B3 /* NewsfeedModels.swift */ = {isa = PBXFileReference; lastKnownFileType = sourcecode.swift; path = NewsfeedModels.swift; sourceTree = "<group>"; };
		10239FDB22E07A1200B1C1B3 /* NewsfeedViewController.swift */ = {isa = PBXFileReference; lastKnownFileType = sourcecode.swift; path = NewsfeedViewController.swift; sourceTree = "<group>"; };
		10239FDC22E07A1200B1C1B3 /* NewsfeedInteractor.swift */ = {isa = PBXFileReference; lastKnownFileType = sourcecode.swift; path = NewsfeedInteractor.swift; sourceTree = "<group>"; };
		10239FE522E1BE0300B1C1B3 /* NewsfeedViewController.storyboard */ = {isa = PBXFileReference; lastKnownFileType = file.storyboard; path = NewsfeedViewController.storyboard; sourceTree = "<group>"; };
		10239FE822E1C4A400B1C1B3 /* NewsFeedCell.swift */ = {isa = PBXFileReference; lastKnownFileType = sourcecode.swift; path = NewsFeedCell.swift; sourceTree = "<group>"; };
		10239FEA22E1C4DB00B1C1B3 /* NewsFeedCell.xib */ = {isa = PBXFileReference; lastKnownFileType = file.xib; path = NewsFeedCell.xib; sourceTree = "<group>"; };
		10239FEC22E1EA8F00B1C1B3 /* WebImageView.swift */ = {isa = PBXFileReference; lastKnownFileType = sourcecode.swift; path = WebImageView.swift; sourceTree = "<group>"; };
		10AE51D622DF3D0C002E8648 /* VKNewsFeed.app */ = {isa = PBXFileReference; explicitFileType = wrapper.application; includeInIndex = 0; path = VKNewsFeed.app; sourceTree = BUILT_PRODUCTS_DIR; };
		10AE51D922DF3D0C002E8648 /* AppDelegate.swift */ = {isa = PBXFileReference; lastKnownFileType = sourcecode.swift; path = AppDelegate.swift; sourceTree = "<group>"; };
		10AE51E022DF3D0E002E8648 /* Assets.xcassets */ = {isa = PBXFileReference; lastKnownFileType = folder.assetcatalog; path = Assets.xcassets; sourceTree = "<group>"; };
		10AE51E322DF3D0E002E8648 /* Base */ = {isa = PBXFileReference; lastKnownFileType = file.storyboard; name = Base; path = Base.lproj/LaunchScreen.storyboard; sourceTree = "<group>"; };
		10AE51E522DF3D0E002E8648 /* Info.plist */ = {isa = PBXFileReference; lastKnownFileType = text.plist.xml; path = Info.plist; sourceTree = "<group>"; };
		10AE51EC22DF4207002E8648 /* VKSdkFramework.framework */ = {isa = PBXFileReference; lastKnownFileType = wrapper.framework; name = VKSdkFramework.framework; path = Carthage/Build/iOS/VKSdkFramework.framework; sourceTree = "<group>"; };
		10AE51EF22DF44FE002E8648 /* AuthService.swift */ = {isa = PBXFileReference; lastKnownFileType = sourcecode.swift; path = AuthService.swift; sourceTree = "<group>"; };
		10AE51F422DF4848002E8648 /* AuthViewController.swift */ = {isa = PBXFileReference; lastKnownFileType = sourcecode.swift; path = AuthViewController.swift; sourceTree = "<group>"; };
		10AE51F622DF485F002E8648 /* AuthViewController.storyboard */ = {isa = PBXFileReference; lastKnownFileType = file.storyboard; path = AuthViewController.storyboard; sourceTree = "<group>"; };
		10AE51FE22DF5430002E8648 /* UIViewController+Storyboard.swift */ = {isa = PBXFileReference; lastKnownFileType = sourcecode.swift; path = "UIViewController+Storyboard.swift"; sourceTree = "<group>"; };
/* End PBXFileReference section */

/* Begin PBXFrameworksBuildPhase section */
		10AE51D322DF3D0C002E8648 /* Frameworks */ = {
			isa = PBXFrameworksBuildPhase;
			buildActionMask = 2147483647;
			files = (
				10AE51ED22DF4207002E8648 /* VKSdkFramework.framework in Frameworks */,
			);
			runOnlyForDeploymentPostprocessing = 0;
		};
/* End PBXFrameworksBuildPhase section */

/* Begin PBXGroup section */
		10239FD122E0681500B1C1B3 /* Models */ = {
			isa = PBXGroup;
			children = (
				10239FD222E0682700B1C1B3 /* FeedResponse.swift */,
			);
			path = Models;
			sourceTree = "<group>";
		};
		10239FD622E079CA00B1C1B3 /* NewsFeed */ = {
			isa = PBXGroup;
			children = (
				10239FE722E1C45300B1C1B3 /* Cell */,
				10239FE522E1BE0300B1C1B3 /* NewsfeedViewController.storyboard */,
				10239FDB22E07A1200B1C1B3 /* NewsfeedViewController.swift */,
				10239FDC22E07A1200B1C1B3 /* NewsfeedInteractor.swift */,
				10239FD722E07A1200B1C1B3 /* NewsfeedPresenter.swift */,
				10239FDA22E07A1200B1C1B3 /* NewsfeedModels.swift */,
				10239FD822E07A1200B1C1B3 /* NewsfeedWorker.swift */,
				10239FD922E07A1200B1C1B3 /* NewsfeedRouter.swift */,
			);
			path = NewsFeed;
			sourceTree = "<group>";
		};
		10239FE722E1C45300B1C1B3 /* Cell */ = {
			isa = PBXGroup;
			children = (
				10239FE822E1C4A400B1C1B3 /* NewsFeedCell.swift */,
				10239FEA22E1C4DB00B1C1B3 /* NewsFeedCell.xib */,
			);
			path = Cell;
			sourceTree = "<group>";
		};
		10AE51CD22DF3D0C002E8648 = {
			isa = PBXGroup;
			children = (
				10AE51D822DF3D0C002E8648 /* VKNewsFeed */,
				10AE51D722DF3D0C002E8648 /* Products */,
				10AE51EB22DF4207002E8648 /* Frameworks */,
			);
			sourceTree = "<group>";
		};
		10AE51D722DF3D0C002E8648 /* Products */ = {
			isa = PBXGroup;
			children = (
				10AE51D622DF3D0C002E8648 /* VKNewsFeed.app */,
			);
			name = Products;
			sourceTree = "<group>";
		};
		10AE51D822DF3D0C002E8648 /* VKNewsFeed */ = {
			isa = PBXGroup;
			children = (
				10AE51D922DF3D0C002E8648 /* AppDelegate.swift */,
				10AE51F122DF4502002E8648 /* Services */,
				10AE51F822DF487C002E8648 /* Auth */,
				10239FD622E079CA00B1C1B3 /* NewsFeed */,
				10AE520022DF5448002E8648 /* Helpers */,
				10AE51E022DF3D0E002E8648 /* Assets.xcassets */,
				10AE51E222DF3D0E002E8648 /* LaunchScreen.storyboard */,
				10AE51E522DF3D0E002E8648 /* Info.plist */,
			);
			path = VKNewsFeed;
			sourceTree = "<group>";
		};
		10AE51EB22DF4207002E8648 /* Frameworks */ = {
			isa = PBXGroup;
			children = (
				10AE51EC22DF4207002E8648 /* VKSdkFramework.framework */,
			);
			name = Frameworks;
			sourceTree = "<group>";
		};
		10AE51F122DF4502002E8648 /* Services */ = {
			isa = PBXGroup;
			children = (
				10239FD122E0681500B1C1B3 /* Models */,
				10239FCF22E057BB00B1C1B3 /* API.swift */,
				10AE51EF22DF44FE002E8648 /* AuthService.swift */,
				10239FCD22E0550F00B1C1B3 /* NetworkService.swift */,
				10239FD422E06B0D00B1C1B3 /* NetworkDataFetcher.swift */,
			);
			path = Services;
			sourceTree = "<group>";
		};
		10AE51F822DF487C002E8648 /* Auth */ = {
			isa = PBXGroup;
			children = (
				10AE51F422DF4848002E8648 /* AuthViewController.swift */,
				10AE51F622DF485F002E8648 /* AuthViewController.storyboard */,
			);
			path = Auth;
			sourceTree = "<group>";
		};
		10AE520022DF5448002E8648 /* Helpers */ = {
			isa = PBXGroup;
			children = (
				10AE51FE22DF5430002E8648 /* UIViewController+Storyboard.swift */,
				10239FEC22E1EA8F00B1C1B3 /* WebImageView.swift */,
			);
			path = Helpers;
			sourceTree = "<group>";
		};
/* End PBXGroup section */

/* Begin PBXNativeTarget section */
		10AE51D522DF3D0C002E8648 /* VKNewsFeed */ = {
			isa = PBXNativeTarget;
			buildConfigurationList = 10AE51E822DF3D0E002E8648 /* Build configuration list for PBXNativeTarget "VKNewsFeed" */;
			buildPhases = (
				10AE51D222DF3D0C002E8648 /* Sources */,
				10AE51D322DF3D0C002E8648 /* Frameworks */,
				10AE51D422DF3D0C002E8648 /* Resources */,
				10AE51EE22DF423B002E8648 /* ShellScript */,
			);
			buildRules = (
			);
			dependencies = (
			);
			name = VKNewsFeed;
			productName = VKNewsFeed;
			productReference = 10AE51D622DF3D0C002E8648 /* VKNewsFeed.app */;
			productType = "com.apple.product-type.application";
		};
/* End PBXNativeTarget section */

/* Begin PBXProject section */
		10AE51CE22DF3D0C002E8648 /* Project object */ = {
			isa = PBXProject;
			attributes = {
				LastSwiftUpdateCheck = 1020;
				LastUpgradeCheck = 1020;
				ORGANIZATIONNAME = Rainblower;
				TargetAttributes = {
					10AE51D522DF3D0C002E8648 = {
						CreatedOnToolsVersion = 10.2.1;
					};
				};
			};
			buildConfigurationList = 10AE51D122DF3D0C002E8648 /* Build configuration list for PBXProject "VKNewsFeed" */;
			compatibilityVersion = "Xcode 9.3";
			developmentRegion = en;
			hasScannedForEncodings = 0;
			knownRegions = (
				en,
				Base,
			);
			mainGroup = 10AE51CD22DF3D0C002E8648;
			productRefGroup = 10AE51D722DF3D0C002E8648 /* Products */;
			projectDirPath = "";
			projectRoot = "";
			targets = (
				10AE51D522DF3D0C002E8648 /* VKNewsFeed */,
			);
		};
/* End PBXProject section */

/* Begin PBXResourcesBuildPhase section */
		10AE51D422DF3D0C002E8648 /* Resources */ = {
			isa = PBXResourcesBuildPhase;
			buildActionMask = 2147483647;
			files = (
				10AE51E422DF3D0E002E8648 /* LaunchScreen.storyboard in Resources */,
				10AE51F722DF485F002E8648 /* AuthViewController.storyboard in Resources */,
				10239FEB22E1C4DB00B1C1B3 /* NewsFeedCell.xib in Resources */,
				10239FE622E1BE0300B1C1B3 /* NewsfeedViewController.storyboard in Resources */,
				10AE51E122DF3D0E002E8648 /* Assets.xcassets in Resources */,
			);
			runOnlyForDeploymentPostprocessing = 0;
		};
/* End PBXResourcesBuildPhase section */

/* Begin PBXShellScriptBuildPhase section */
		10AE51EE22DF423B002E8648 /* ShellScript */ = {
			isa = PBXShellScriptBuildPhase;
			buildActionMask = 2147483647;
			files = (
			);
			inputFileListPaths = (
			);
			inputPaths = (
				"$(SRCROOT)/Carthage/Build/iOS/VKSdkFramework.framework",
			);
			outputFileListPaths = (
			);
			outputPaths = (
			);
			runOnlyForDeploymentPostprocessing = 0;
			shellPath = /bin/sh;
			shellScript = "/usr/local/bin/carthage copy-frameworks\n";
		};
/* End PBXShellScriptBuildPhase section */

/* Begin PBXSourcesBuildPhase section */
		10AE51D222DF3D0C002E8648 /* Sources */ = {
			isa = PBXSourcesBuildPhase;
			buildActionMask = 2147483647;
			files = (
				10239FD322E0682700B1C1B3 /* FeedResponse.swift in Sources */,
				10239FE222E07A1200B1C1B3 /* NewsfeedViewController.swift in Sources */,
				10AE51F022DF44FE002E8648 /* AuthService.swift in Sources */,
				10AE51F522DF4848002E8648 /* AuthViewController.swift in Sources */,
				10239FDE22E07A1200B1C1B3 /* NewsfeedPresenter.swift in Sources */,
				10239FE022E07A1200B1C1B3 /* NewsfeedRouter.swift in Sources */,
				10AE51FF22DF5430002E8648 /* UIViewController+Storyboard.swift in Sources */,
				10239FCE22E0550F00B1C1B3 /* NetworkService.swift in Sources */,
				10239FE122E07A1200B1C1B3 /* NewsfeedModels.swift in Sources */,
				10239FED22E1EA8F00B1C1B3 /* WebImageView.swift in Sources */,
				10239FD522E06B0D00B1C1B3 /* NetworkDataFetcher.swift in Sources */,
				10239FDF22E07A1200B1C1B3 /* NewsfeedWorker.swift in Sources */,
				10AE51DA22DF3D0C002E8648 /* AppDelegate.swift in Sources */,
				10239FD022E057BB00B1C1B3 /* API.swift in Sources */,
				10239FE922E1C4A400B1C1B3 /* NewsFeedCell.swift in Sources */,
				10239FE322E07A1200B1C1B3 /* NewsfeedInteractor.swift in Sources */,
			);
			runOnlyForDeploymentPostprocessing = 0;
		};
/* End PBXSourcesBuildPhase section */

/* Begin PBXVariantGroup section */
		10AE51E222DF3D0E002E8648 /* LaunchScreen.storyboard */ = {
			isa = PBXVariantGroup;
			children = (
				10AE51E322DF3D0E002E8648 /* Base */,
			);
			name = LaunchScreen.storyboard;
			sourceTree = "<group>";
		};
/* End PBXVariantGroup section */

/* Begin XCBuildConfiguration section */
		10AE51E622DF3D0E002E8648 /* Debug */ = {
			isa = XCBuildConfiguration;
			buildSettings = {
				ALWAYS_SEARCH_USER_PATHS = NO;
				CLANG_ANALYZER_NONNULL = YES;
				CLANG_ANALYZER_NUMBER_OBJECT_CONVERSION = YES_AGGRESSIVE;
				CLANG_CXX_LANGUAGE_STANDARD = "gnu++14";
				CLANG_CXX_LIBRARY = "libc++";
				CLANG_ENABLE_MODULES = YES;
				CLANG_ENABLE_OBJC_ARC = YES;
				CLANG_ENABLE_OBJC_WEAK = YES;
				CLANG_WARN_BLOCK_CAPTURE_AUTORELEASING = YES;
				CLANG_WARN_BOOL_CONVERSION = YES;
				CLANG_WARN_COMMA = YES;
				CLANG_WARN_CONSTANT_CONVERSION = YES;
				CLANG_WARN_DEPRECATED_OBJC_IMPLEMENTATIONS = YES;
				CLANG_WARN_DIRECT_OBJC_ISA_USAGE = YES_ERROR;
				CLANG_WARN_DOCUMENTATION_COMMENTS = YES;
				CLANG_WARN_EMPTY_BODY = YES;
				CLANG_WARN_ENUM_CONVERSION = YES;
				CLANG_WARN_INFINITE_RECURSION = YES;
				CLANG_WARN_INT_CONVERSION = YES;
				CLANG_WARN_NON_LITERAL_NULL_CONVERSION = YES;
				CLANG_WARN_OBJC_IMPLICIT_RETAIN_SELF = YES;
				CLANG_WARN_OBJC_LITERAL_CONVERSION = YES;
				CLANG_WARN_OBJC_ROOT_CLASS = YES_ERROR;
				CLANG_WARN_RANGE_LOOP_ANALYSIS = YES;
				CLANG_WARN_STRICT_PROTOTYPES = YES;
				CLANG_WARN_SUSPICIOUS_MOVE = YES;
				CLANG_WARN_UNGUARDED_AVAILABILITY = YES_AGGRESSIVE;
				CLANG_WARN_UNREACHABLE_CODE = YES;
				CLANG_WARN__DUPLICATE_METHOD_MATCH = YES;
				CODE_SIGN_IDENTITY = "iPhone Developer";
				COPY_PHASE_STRIP = NO;
				DEBUG_INFORMATION_FORMAT = dwarf;
				ENABLE_STRICT_OBJC_MSGSEND = YES;
				ENABLE_TESTABILITY = YES;
				GCC_C_LANGUAGE_STANDARD = gnu11;
				GCC_DYNAMIC_NO_PIC = NO;
				GCC_NO_COMMON_BLOCKS = YES;
				GCC_OPTIMIZATION_LEVEL = 0;
				GCC_PREPROCESSOR_DEFINITIONS = (
					"DEBUG=1",
					"$(inherited)",
				);
				GCC_WARN_64_TO_32_BIT_CONVERSION = YES;
				GCC_WARN_ABOUT_RETURN_TYPE = YES_ERROR;
				GCC_WARN_UNDECLARED_SELECTOR = YES;
				GCC_WARN_UNINITIALIZED_AUTOS = YES_AGGRESSIVE;
				GCC_WARN_UNUSED_FUNCTION = YES;
				GCC_WARN_UNUSED_VARIABLE = YES;
				IPHONEOS_DEPLOYMENT_TARGET = 12.2;
				MTL_ENABLE_DEBUG_INFO = INCLUDE_SOURCE;
				MTL_FAST_MATH = YES;
				ONLY_ACTIVE_ARCH = YES;
				SDKROOT = iphoneos;
				SWIFT_ACTIVE_COMPILATION_CONDITIONS = DEBUG;
				SWIFT_OPTIMIZATION_LEVEL = "-Onone";
			};
			name = Debug;
		};
		10AE51E722DF3D0E002E8648 /* Release */ = {
			isa = XCBuildConfiguration;
			buildSettings = {
				ALWAYS_SEARCH_USER_PATHS = NO;
				CLANG_ANALYZER_NONNULL = YES;
				CLANG_ANALYZER_NUMBER_OBJECT_CONVERSION = YES_AGGRESSIVE;
				CLANG_CXX_LANGUAGE_STANDARD = "gnu++14";
				CLANG_CXX_LIBRARY = "libc++";
				CLANG_ENABLE_MODULES = YES;
				CLANG_ENABLE_OBJC_ARC = YES;
				CLANG_ENABLE_OBJC_WEAK = YES;
				CLANG_WARN_BLOCK_CAPTURE_AUTORELEASING = YES;
				CLANG_WARN_BOOL_CONVERSION = YES;
				CLANG_WARN_COMMA = YES;
				CLANG_WARN_CONSTANT_CONVERSION = YES;
				CLANG_WARN_DEPRECATED_OBJC_IMPLEMENTATIONS = YES;
				CLANG_WARN_DIRECT_OBJC_ISA_USAGE = YES_ERROR;
				CLANG_WARN_DOCUMENTATION_COMMENTS = YES;
				CLANG_WARN_EMPTY_BODY = YES;
				CLANG_WARN_ENUM_CONVERSION = YES;
				CLANG_WARN_INFINITE_RECURSION = YES;
				CLANG_WARN_INT_CONVERSION = YES;
				CLANG_WARN_NON_LITERAL_NULL_CONVERSION = YES;
				CLANG_WARN_OBJC_IMPLICIT_RETAIN_SELF = YES;
				CLANG_WARN_OBJC_LITERAL_CONVERSION = YES;
				CLANG_WARN_OBJC_ROOT_CLASS = YES_ERROR;
				CLANG_WARN_RANGE_LOOP_ANALYSIS = YES;
				CLANG_WARN_STRICT_PROTOTYPES = YES;
				CLANG_WARN_SUSPICIOUS_MOVE = YES;
				CLANG_WARN_UNGUARDED_AVAILABILITY = YES_AGGRESSIVE;
				CLANG_WARN_UNREACHABLE_CODE = YES;
				CLANG_WARN__DUPLICATE_METHOD_MATCH = YES;
				CODE_SIGN_IDENTITY = "iPhone Developer";
				COPY_PHASE_STRIP = NO;
				DEBUG_INFORMATION_FORMAT = "dwarf-with-dsym";
				ENABLE_NS_ASSERTIONS = NO;
				ENABLE_STRICT_OBJC_MSGSEND = YES;
				GCC_C_LANGUAGE_STANDARD = gnu11;
				GCC_NO_COMMON_BLOCKS = YES;
				GCC_WARN_64_TO_32_BIT_CONVERSION = YES;
				GCC_WARN_ABOUT_RETURN_TYPE = YES_ERROR;
				GCC_WARN_UNDECLARED_SELECTOR = YES;
				GCC_WARN_UNINITIALIZED_AUTOS = YES_AGGRESSIVE;
				GCC_WARN_UNUSED_FUNCTION = YES;
				GCC_WARN_UNUSED_VARIABLE = YES;
				IPHONEOS_DEPLOYMENT_TARGET = 12.2;
				MTL_ENABLE_DEBUG_INFO = NO;
				MTL_FAST_MATH = YES;
				SDKROOT = iphoneos;
				SWIFT_COMPILATION_MODE = wholemodule;
				SWIFT_OPTIMIZATION_LEVEL = "-O";
				VALIDATE_PRODUCT = YES;
			};
			name = Release;
		};
		10AE51E922DF3D0E002E8648 /* Debug */ = {
			isa = XCBuildConfiguration;
			buildSettings = {
				ASSETCATALOG_COMPILER_APPICON_NAME = AppIcon;
				CODE_SIGN_STYLE = Automatic;
				DEVELOPMENT_TEAM = UY8NJD89S2;
				FRAMEWORK_SEARCH_PATHS = (
					"$(inherited)",
					"$(PROJECT_DIR)/Carthage/Build/iOS",
				);
				INFOPLIST_FILE = VKNewsFeed/Info.plist;
				LD_RUNPATH_SEARCH_PATHS = (
					"$(inherited)",
					"@executable_path/Frameworks",
				);
				PRODUCT_BUNDLE_IDENTIFIER = rainblower.VKNewsFeed;
				PRODUCT_NAME = "$(TARGET_NAME)";
				SWIFT_VERSION = 5.0;
				TARGETED_DEVICE_FAMILY = "1,2";
			};
			name = Debug;
		};
		10AE51EA22DF3D0E002E8648 /* Release */ = {
			isa = XCBuildConfiguration;
			buildSettings = {
				ASSETCATALOG_COMPILER_APPICON_NAME = AppIcon;
				CODE_SIGN_STYLE = Automatic;
				DEVELOPMENT_TEAM = UY8NJD89S2;
				FRAMEWORK_SEARCH_PATHS = (
					"$(inherited)",
					"$(PROJECT_DIR)/Carthage/Build/iOS",
				);
				INFOPLIST_FILE = VKNewsFeed/Info.plist;
				LD_RUNPATH_SEARCH_PATHS = (
					"$(inherited)",
					"@executable_path/Frameworks",
				);
				PRODUCT_BUNDLE_IDENTIFIER = rainblower.VKNewsFeed;
				PRODUCT_NAME = "$(TARGET_NAME)";
				SWIFT_VERSION = 5.0;
				TARGETED_DEVICE_FAMILY = "1,2";
			};
			name = Release;
		};
/* End XCBuildConfiguration section */

/* Begin XCConfigurationList section */
		10AE51D122DF3D0C002E8648 /* Build configuration list for PBXProject "VKNewsFeed" */ = {
			isa = XCConfigurationList;
			buildConfigurations = (
				10AE51E622DF3D0E002E8648 /* Debug */,
				10AE51E722DF3D0E002E8648 /* Release */,
			);
			defaultConfigurationIsVisible = 0;
			defaultConfigurationName = Release;
		};
		10AE51E822DF3D0E002E8648 /* Build configuration list for PBXNativeTarget "VKNewsFeed" */ = {
			isa = XCConfigurationList;
			buildConfigurations = (
				10AE51E922DF3D0E002E8648 /* Debug */,
				10AE51EA22DF3D0E002E8648 /* Release */,
			);
			defaultConfigurationIsVisible = 0;
			defaultConfigurationName = Release;
		};
/* End XCConfigurationList section */
	};
	rootObject = 10AE51CE22DF3D0C002E8648 /* Project object */;
}
